
Microsoft Visual Studio Solution File, Format Version 12.00
# Visual Studio Version 17
VisualStudioVersion = 17.2.32519.379
MinimumVisualStudioVersion = 10.0.40219.1
Project("{FAE04EC0-301F-11D3-BF4B-00C04F79EFBC}") = "virsion2LibrarySys", "virsion2LibrarySys\virsion2LibrarySys.csproj", "{7F10A3BD-4EAB-480B-A64E-D53692135A21}"
EndProject
Global
	GlobalSection(SolutionConfigurationPlatforms) = preSolution
		Debug|Any CPU = Debug|Any CPU
		Release|Any CPU = Release|Any CPU
	EndGlobalSection
	GlobalSection(ProjectConfigurationPlatforms) = postSolution
		{7F10A3BD-4EAB-480B-A64E-D53692135A21}.Debug|Any CPU.ActiveCfg = Debug|Any CPU
		{7F10A3BD-4EAB-480B-A64E-D53692135A21}.Debug|Any CPU.Build.0 = Debug|Any CPU
		{7F10A3BD-4EAB-480B-A64E-D53692135A21}.Release|Any CPU.ActiveCfg = Release|Any CPU
		{7F10A3BD-4EAB-480B-A64E-D53692135A21}.Release|Any CPU.Build.0 = Release|Any CPU
	EndGlobalSection
	GlobalSection(SolutionProperties) = preSolution
		HideSolutionNode = FALSE
	EndGlobalSection
	GlobalSection(ExtensibilityGlobals) = postSolution
		SolutionGuid = {82CB4D9E-AD29-48B4-8C04-E4F50B44AD37}
	EndGlobalSection
EndGlobal
